// !$*UTF8*$!
{
	archiveVersion = 1;
	classes = {
	};
	objectVersion = 48;
	objects = {

/* Begin PBXBuildFile section */
		1EBA57A21FC2DC2D0081EFEA /* CoreBluetooth.framework in Frameworks */ = {isa = PBXBuildFile; fileRef = 1EBA57A11FC2DC1A0081EFEA /* CoreBluetooth.framework */; };
		1EF1529D1FC2C75700BB715E /* AppDelegate.swift in Sources */ = {isa = PBXBuildFile; fileRef = 1EF1529C1FC2C75700BB715E /* AppDelegate.swift */; };
		1EF1529F1FC2C75700BB715E /* ViewController.swift in Sources */ = {isa = PBXBuildFile; fileRef = 1EF1529E1FC2C75700BB715E /* ViewController.swift */; };
		1EF152A21FC2C75700BB715E /* Main.storyboard in Resources */ = {isa = PBXBuildFile; fileRef = 1EF152A01FC2C75700BB715E /* Main.storyboard */; };
		1EF152A51FC2C75700BB715E /* tBeta1.xcdatamodeld in Sources */ = {isa = PBXBuildFile; fileRef = 1EF152A31FC2C75700BB715E /* tBeta1.xcdatamodeld */; };
		1EF152A71FC2C75700BB715E /* Assets.xcassets in Resources */ = {isa = PBXBuildFile; fileRef = 1EF152A61FC2C75700BB715E /* Assets.xcassets */; };
		1EF152AA1FC2C75700BB715E /* LaunchScreen.storyboard in Resources */ = {isa = PBXBuildFile; fileRef = 1EF152A81FC2C75700BB715E /* LaunchScreen.storyboard */; };
		1EF152B51FC2C75700BB715E /* tBeta1Tests.swift in Sources */ = {isa = PBXBuildFile; fileRef = 1EF152B41FC2C75700BB715E /* tBeta1Tests.swift */; };
		1EF152C01FC2C75700BB715E /* tBeta1UITests.swift in Sources */ = {isa = PBXBuildFile; fileRef = 1EF152BF1FC2C75700BB715E /* tBeta1UITests.swift */; };
/* End PBXBuildFile section */

/* Begin PBXContainerItemProxy section */
		1EF152B11FC2C75700BB715E /* PBXContainerItemProxy */ = {
			isa = PBXContainerItemProxy;
			containerPortal = 1EF152911FC2C75700BB715E /* Project object */;
			proxyType = 1;
			remoteGlobalIDString = 1EF152981FC2C75700BB715E;
			remoteInfo = tBeta1;
		};
		1EF152BC1FC2C75700BB715E /* PBXContainerItemProxy */ = {
			isa = PBXContainerItemProxy;
			containerPortal = 1EF152911FC2C75700BB715E /* Project object */;
			proxyType = 1;
			remoteGlobalIDString = 1EF152981FC2C75700BB715E;
			remoteInfo = tBeta1;
		};
/* End PBXContainerItemProxy section */

/* Begin PBXFileReference section */
		1EBA57A11FC2DC1A0081EFEA /* CoreBluetooth.framework */ = {isa = PBXFileReference; lastKnownFileType = wrapper.framework; name = CoreBluetooth.framework; path = System/Library/Frameworks/CoreBluetooth.framework; sourceTree = SDKROOT; };
		1EF152991FC2C75700BB715E /* tBeta1.app */ = {isa = PBXFileReference; explicitFileType = wrapper.application; includeInIndex = 0; path = tBeta1.app; sourceTree = BUILT_PRODUCTS_DIR; };
		1EF1529C1FC2C75700BB715E /* AppDelegate.swift */ = {isa = PBXFileReference; lastKnownFileType = sourcecode.swift; path = AppDelegate.swift; sourceTree = "<group>"; };
		1EF1529E1FC2C75700BB715E /* ViewController.swift */ = {isa = PBXFileReference; lastKnownFileType = sourcecode.swift; path = ViewController.swift; sourceTree = "<group>"; };
		1EF152A11FC2C75700BB715E /* Base */ = {isa = PBXFileReference; lastKnownFileType = file.storyboard; name = Base; path = Base.lproj/Main.storyboard; sourceTree = "<group>"; };
		1EF152A41FC2C75700BB715E /* tBeta1.xcdatamodel */ = {isa = PBXFileReference; lastKnownFileType = wrapper.xcdatamodel; path = tBeta1.xcdatamodel; sourceTree = "<group>"; };
		1EF152A61FC2C75700BB715E /* Assets.xcassets */ = {isa = PBXFileReference; lastKnownFileType = folder.assetcatalog; path = Assets.xcassets; sourceTree = "<group>"; };
		1EF152A91FC2C75700BB715E /* Base */ = {isa = PBXFileReference; lastKnownFileType = file.storyboard; name = Base; path = Base.lproj/LaunchScreen.storyboard; sourceTree = "<group>"; };
		1EF152AB1FC2C75700BB715E /* Info.plist */ = {isa = PBXFileReference; lastKnownFileType = text.plist.xml; path = Info.plist; sourceTree = "<group>"; };
		1EF152B01FC2C75700BB715E /* tBeta1Tests.xctest */ = {isa = PBXFileReference; explicitFileType = wrapper.cfbundle; includeInIndex = 0; path = tBeta1Tests.xctest; sourceTree = BUILT_PRODUCTS_DIR; };
		1EF152B41FC2C75700BB715E /* tBeta1Tests.swift */ = {isa = PBXFileReference; lastKnownFileType = sourcecode.swift; path = tBeta1Tests.swift; sourceTree = "<group>"; };
		1EF152B61FC2C75700BB715E /* Info.plist */ = {isa = PBXFileReference; lastKnownFileType = text.plist.xml; path = Info.plist; sourceTree = "<group>"; };
		1EF152BB1FC2C75700BB715E /* tBeta1UITests.xctest */ = {isa = PBXFileReference; explicitFileType = wrapper.cfbundle; includeInIndex = 0; path = tBeta1UITests.xctest; sourceTree = BUILT_PRODUCTS_DIR; };
		1EF152BF1FC2C75700BB715E /* tBeta1UITests.swift */ = {isa = PBXFileReference; lastKnownFileType = sourcecode.swift; path = tBeta1UITests.swift; sourceTree = "<group>"; };
		1EF152C11FC2C75700BB715E /* Info.plist */ = {isa = PBXFileReference; lastKnownFileType = text.plist.xml; path = Info.plist; sourceTree = "<group>"; };
/* End PBXFileReference section */

/* Begin PBXFrameworksBuildPhase section */
		1EF152961FC2C75700BB715E /* Frameworks */ = {
			isa = PBXFrameworksBuildPhase;
			buildActionMask = 2147483647;
			files = (
				1EBA57A21FC2DC2D0081EFEA /* CoreBluetooth.framework in Frameworks */,
			);
			runOnlyForDeploymentPostprocessing = 0;
		};
		1EF152AD1FC2C75700BB715E /* Frameworks */ = {
			isa = PBXFrameworksBuildPhase;
			buildActionMask = 2147483647;
			files = (
			);
			runOnlyForDeploymentPostprocessing = 0;
		};
		1EF152B81FC2C75700BB715E /* Frameworks */ = {
			isa = PBXFrameworksBuildPhase;
			buildActionMask = 2147483647;
			files = (
			);
			runOnlyForDeploymentPostprocessing = 0;
		};
/* End PBXFrameworksBuildPhase section */

/* Begin PBXGroup section */
		1EBA57A01FC2DC1A0081EFEA /* Frameworks */ = {
			isa = PBXGroup;
			children = (
				1EBA57A11FC2DC1A0081EFEA /* CoreBluetooth.framework */,
			);
			name = Frameworks;
			sourceTree = "<group>";
		};
		1EF152901FC2C75700BB715E = {
			isa = PBXGroup;
			children = (
				1EF1529B1FC2C75700BB715E /* tBeta1 */,
				1EF152B31FC2C75700BB715E /* tBeta1Tests */,
				1EF152BE1FC2C75700BB715E /* tBeta1UITests */,
				1EF1529A1FC2C75700BB715E /* Products */,
				1EBA57A01FC2DC1A0081EFEA /* Frameworks */,
			);
			sourceTree = "<group>";
		};
		1EF1529A1FC2C75700BB715E /* Products */ = {
			isa = PBXGroup;
			children = (
				1EF152991FC2C75700BB715E /* tBeta1.app */,
				1EF152B01FC2C75700BB715E /* tBeta1Tests.xctest */,
				1EF152BB1FC2C75700BB715E /* tBeta1UITests.xctest */,
			);
			name = Products;
			sourceTree = "<group>";
		};
		1EF1529B1FC2C75700BB715E /* tBeta1 */ = {
			isa = PBXGroup;
			children = (
				1EF1529C1FC2C75700BB715E /* AppDelegate.swift */,
				1EF1529E1FC2C75700BB715E /* ViewController.swift */,
				1EF152A01FC2C75700BB715E /* Main.storyboard */,
				1EF152A61FC2C75700BB715E /* Assets.xcassets */,
				1EF152A81FC2C75700BB715E /* LaunchScreen.storyboard */,
				1EF152AB1FC2C75700BB715E /* Info.plist */,
				1EF152A31FC2C75700BB715E /* tBeta1.xcdatamodeld */,
			);
			path = tBeta1;
			sourceTree = "<group>";
		};
		1EF152B31FC2C75700BB715E /* tBeta1Tests */ = {
			isa = PBXGroup;
			children = (
				1EF152B41FC2C75700BB715E /* tBeta1Tests.swift */,
				1EF152B61FC2C75700BB715E /* Info.plist */,
			);
			path = tBeta1Tests;
			sourceTree = "<group>";
		};
		1EF152BE1FC2C75700BB715E /* tBeta1UITests */ = {
			isa = PBXGroup;
			children = (
				1EF152BF1FC2C75700BB715E /* tBeta1UITests.swift */,
				1EF152C11FC2C75700BB715E /* Info.plist */,
			);
			path = tBeta1UITests;
			sourceTree = "<group>";
		};
/* End PBXGroup section */

/* Begin PBXNativeTarget section */
		1EF152981FC2C75700BB715E /* tBeta1 */ = {
			isa = PBXNativeTarget;
			buildConfigurationList = 1EF152C41FC2C75800BB715E /* Build configuration list for PBXNativeTarget "tBeta1" */;
			buildPhases = (
				1EF152951FC2C75700BB715E /* Sources */,
				1EF152961FC2C75700BB715E /* Frameworks */,
				1EF152971FC2C75700BB715E /* Resources */,
			);
			buildRules = (
			);
			dependencies = (
			);
			name = tBeta1;
			productName = tBeta1;
			productReference = 1EF152991FC2C75700BB715E /* tBeta1.app */;
			productType = "com.apple.product-type.application";
		};
		1EF152AF1FC2C75700BB715E /* tBeta1Tests */ = {
			isa = PBXNativeTarget;
			buildConfigurationList = 1EF152C71FC2C75800BB715E /* Build configuration list for PBXNativeTarget "tBeta1Tests" */;
			buildPhases = (
				1EF152AC1FC2C75700BB715E /* Sources */,
				1EF152AD1FC2C75700BB715E /* Frameworks */,
				1EF152AE1FC2C75700BB715E /* Resources */,
			);
			buildRules = (
			);
			dependencies = (
				1EF152B21FC2C75700BB715E /* PBXTargetDependency */,
			);
			name = tBeta1Tests;
			productName = tBeta1Tests;
			productReference = 1EF152B01FC2C75700BB715E /* tBeta1Tests.xctest */;
			productType = "com.apple.product-type.bundle.unit-test";
		};
		1EF152BA1FC2C75700BB715E /* tBeta1UITests */ = {
			isa = PBXNativeTarget;
			buildConfigurationList = 1EF152CA1FC2C75800BB715E /* Build configuration list for PBXNativeTarget "tBeta1UITests" */;
			buildPhases = (
				1EF152B71FC2C75700BB715E /* Sources */,
				1EF152B81FC2C75700BB715E /* Frameworks */,
				1EF152B91FC2C75700BB715E /* Resources */,
			);
			buildRules = (
			);
			dependencies = (
				1EF152BD1FC2C75700BB715E /* PBXTargetDependency */,
			);
			name = tBeta1UITests;
			productName = tBeta1UITests;
			productReference = 1EF152BB1FC2C75700BB715E /* tBeta1UITests.xctest */;
			productType = "com.apple.product-type.bundle.ui-testing";
		};
/* End PBXNativeTarget section */

/* Begin PBXProject section */
		1EF152911FC2C75700BB715E /* Project object */ = {
			isa = PBXProject;
			attributes = {
				LastSwiftUpdateCheck = 0910;
				LastUpgradeCheck = 0910;
				ORGANIZATIONNAME = "Aaron Miller";
				TargetAttributes = {
					1EF152981FC2C75700BB715E = {
						CreatedOnToolsVersion = 9.1;
						ProvisioningStyle = Manual;
					};
					1EF152AF1FC2C75700BB715E = {
						CreatedOnToolsVersion = 9.1;
						ProvisioningStyle = Automatic;
						TestTargetID = 1EF152981FC2C75700BB715E;
					};
					1EF152BA1FC2C75700BB715E = {
						CreatedOnToolsVersion = 9.1;
						ProvisioningStyle = Automatic;
						TestTargetID = 1EF152981FC2C75700BB715E;
					};
				};
			};
			buildConfigurationList = 1EF152941FC2C75700BB715E /* Build configuration list for PBXProject "tBeta1" */;
			compatibilityVersion = "Xcode 8.0";
			developmentRegion = en;
			hasScannedForEncodings = 0;
			knownRegions = (
				en,
				Base,
			);
			mainGroup = 1EF152901FC2C75700BB715E;
			productRefGroup = 1EF1529A1FC2C75700BB715E /* Products */;
			projectDirPath = "";
			projectRoot = "";
			targets = (
				1EF152981FC2C75700BB715E /* tBeta1 */,
				1EF152AF1FC2C75700BB715E /* tBeta1Tests */,
				1EF152BA1FC2C75700BB715E /* tBeta1UITests */,
			);
		};
/* End PBXProject section */

/* Begin PBXResourcesBuildPhase section */
		1EF152971FC2C75700BB715E /* Resources */ = {
			isa = PBXResourcesBuildPhase;
			buildActionMask = 2147483647;
			files = (
				1EF152AA1FC2C75700BB715E /* LaunchScreen.storyboard in Resources */,
				1EF152A71FC2C75700BB715E /* Assets.xcassets in Resources */,
				1EF152A21FC2C75700BB715E /* Main.storyboard in Resources */,
			);
			runOnlyForDeploymentPostprocessing = 0;
		};
		1EF152AE1FC2C75700BB715E /* Resources */ = {
			isa = PBXResourcesBuildPhase;
			buildActionMask = 2147483647;
			files = (
			);
			runOnlyForDeploymentPostprocessing = 0;
		};
		1EF152B91FC2C75700BB715E /* Resources */ = {
			isa = PBXResourcesBuildPhase;
			buildActionMask = 2147483647;
			files = (
			);
			runOnlyForDeploymentPostprocessing = 0;
		};
/* End PBXResourcesBuildPhase section */

/* Begin PBXSourcesBuildPhase section */
		1EF152951FC2C75700BB715E /* Sources */ = {
			isa = PBXSourcesBuildPhase;
			buildActionMask = 2147483647;
			files = (
				1EF1529F1FC2C75700BB715E /* ViewController.swift in Sources */,
				1EF152A51FC2C75700BB715E /* tBeta1.xcdatamodeld in Sources */,
				1EF1529D1FC2C75700BB715E /* AppDelegate.swift in Sources */,
			);
			runOnlyForDeploymentPostprocessing = 0;
		};
		1EF152AC1FC2C75700BB715E /* Sources */ = {
			isa = PBXSourcesBuildPhase;
			buildActionMask = 2147483647;
			files = (
				1EF152B51FC2C75700BB715E /* tBeta1Tests.swift in Sources */,
			);
			runOnlyForDeploymentPostprocessing = 0;
		};
		1EF152B71FC2C75700BB715E /* Sources */ = {
			isa = PBXSourcesBuildPhase;
			buildActionMask = 2147483647;
			files = (
				1EF152C01FC2C75700BB715E /* tBeta1UITests.swift in Sources */,
			);
			runOnlyForDeploymentPostprocessing = 0;
		};
/* End PBXSourcesBuildPhase section */

/* Begin PBXTargetDependency section */
		1EF152B21FC2C75700BB715E /* PBXTargetDependency */ = {
			isa = PBXTargetDependency;
			target = 1EF152981FC2C75700BB715E /* tBeta1 */;
			targetProxy = 1EF152B11FC2C75700BB715E /* PBXContainerItemProxy */;
		};
		1EF152BD1FC2C75700BB715E /* PBXTargetDependency */ = {
			isa = PBXTargetDependency;
			target = 1EF152981FC2C75700BB715E /* tBeta1 */;
			targetProxy = 1EF152BC1FC2C75700BB715E /* PBXContainerItemProxy */;
		};
/* End PBXTargetDependency section */

/* Begin PBXVariantGroup section */
		1EF152A01FC2C75700BB715E /* Main.storyboard */ = {
			isa = PBXVariantGroup;
			children = (
				1EF152A11FC2C75700BB715E /* Base */,
			);
			name = Main.storyboard;
			sourceTree = "<group>";
		};
		1EF152A81FC2C75700BB715E /* LaunchScreen.storyboard */ = {
			isa = PBXVariantGroup;
			children = (
				1EF152A91FC2C75700BB715E /* Base */,
			);
			name = LaunchScreen.storyboard;
			sourceTree = "<group>";
		};
/* End PBXVariantGroup section */

/* Begin XCBuildConfiguration section */
		1EF152C21FC2C75800BB715E /* Debug */ = {
			isa = XCBuildConfiguration;
			buildSettings = {
				ALWAYS_SEARCH_USER_PATHS = NO;
				CLANG_ANALYZER_NONNULL = YES;
				CLANG_ANALYZER_NUMBER_OBJECT_CONVERSION = YES_AGGRESSIVE;
				CLANG_CXX_LANGUAGE_STANDARD = "gnu++14";
				CLANG_CXX_LIBRARY = "libc++";
				CLANG_ENABLE_MODULES = YES;
				CLANG_ENABLE_OBJC_ARC = YES;
				CLANG_WARN_BLOCK_CAPTURE_AUTORELEASING = YES;
				CLANG_WARN_BOOL_CONVERSION = YES;
				CLANG_WARN_COMMA = YES;
				CLANG_WARN_CONSTANT_CONVERSION = YES;
				CLANG_WARN_DIRECT_OBJC_ISA_USAGE = YES_ERROR;
				CLANG_WARN_DOCUMENTATION_COMMENTS = YES;
				CLANG_WARN_EMPTY_BODY = YES;
				CLANG_WARN_ENUM_CONVERSION = YES;
				CLANG_WARN_INFINITE_RECURSION = YES;
				CLANG_WARN_INT_CONVERSION = YES;
				CLANG_WARN_NON_LITERAL_NULL_CONVERSION = YES;
				CLANG_WARN_OBJC_LITERAL_CONVERSION = YES;
				CLANG_WARN_OBJC_ROOT_CLASS = YES_ERROR;
				CLANG_WARN_RANGE_LOOP_ANALYSIS = YES;
				CLANG_WARN_STRICT_PROTOTYPES = YES;
				CLANG_WARN_SUSPICIOUS_MOVE = YES;
				CLANG_WARN_UNGUARDED_AVAILABILITY = YES_AGGRESSIVE;
				CLANG_WARN_UNREACHABLE_CODE = YES;
				CLANG_WARN__DUPLICATE_METHOD_MATCH = YES;
				CODE_SIGN_IDENTITY = "iPhone Developer";
				COPY_PHASE_STRIP = NO;
				DEBUG_INFORMATION_FORMAT = dwarf;
				ENABLE_STRICT_OBJC_MSGSEND = YES;
				ENABLE_TESTABILITY = YES;
				GCC_C_LANGUAGE_STANDARD = gnu11;
				GCC_DYNAMIC_NO_PIC = NO;
				GCC_NO_COMMON_BLOCKS = YES;
				GCC_OPTIMIZATION_LEVEL = 0;
				GCC_PREPROCESSOR_DEFINITIONS = (
					"DEBUG=1",
					"$(inherited)",
				);
				GCC_WARN_64_TO_32_BIT_CONVERSION = YES;
				GCC_WARN_ABOUT_RETURN_TYPE = YES_ERROR;
				GCC_WARN_UNDECLARED_SELECTOR = YES;
				GCC_WARN_UNINITIALIZED_AUTOS = YES_AGGRESSIVE;
				GCC_WARN_UNUSED_FUNCTION = YES;
				GCC_WARN_UNUSED_VARIABLE = YES;
				IPHONEOS_DEPLOYMENT_TARGET = 11.1;
				MTL_ENABLE_DEBUG_INFO = YES;
				ONLY_ACTIVE_ARCH = YES;
				SDKROOT = iphoneos;
				SWIFT_ACTIVE_COMPILATION_CONDITIONS = DEBUG;
				SWIFT_OPTIMIZATION_LEVEL = "-Onone";
			};
			name = Debug;
		};
		1EF152C31FC2C75800BB715E /* Release */ = {
			isa = XCBuildConfiguration;
			buildSettings = {
				ALWAYS_SEARCH_USER_PATHS = NO;
				CLANG_ANALYZER_NONNULL = YES;
				CLANG_ANALYZER_NUMBER_OBJECT_CONVERSION = YES_AGGRESSIVE;
				CLANG_CXX_LANGUAGE_STANDARD = "gnu++14";
				CLANG_CXX_LIBRARY = "libc++";
				CLANG_ENABLE_MODULES = YES;
				CLANG_ENABLE_OBJC_ARC = YES;
				CLANG_WARN_BLOCK_CAPTURE_AUTORELEASING = YES;
				CLANG_WARN_BOOL_CONVERSION = YES;
				CLANG_WARN_COMMA = YES;
				CLANG_WARN_CONSTANT_CONVERSION = YES;
				CLANG_WARN_DIRECT_OBJC_ISA_USAGE = YES_ERROR;
				CLANG_WARN_DOCUMENTATION_COMMENTS = YES;
				CLANG_WARN_EMPTY_BODY = YES;
				CLANG_WARN_ENUM_CONVERSION = YES;
				CLANG_WARN_INFINITE_RECURSION = YES;
				CLANG_WARN_INT_CONVERSION = YES;
				CLANG_WARN_NON_LITERAL_NULL_CONVERSION = YES;
				CLANG_WARN_OBJC_LITERAL_CONVERSION = YES;
				CLANG_WARN_OBJC_ROOT_CLASS = YES_ERROR;
				CLANG_WARN_RANGE_LOOP_ANALYSIS = YES;
				CLANG_WARN_STRICT_PROTOTYPES = YES;
				CLANG_WARN_SUSPICIOUS_MOVE = YES;
				CLANG_WARN_UNGUARDED_AVAILABILITY = YES_AGGRESSIVE;
				CLANG_WARN_UNREACHABLE_CODE = YES;
				CLANG_WARN__DUPLICATE_METHOD_MATCH = YES;
				CODE_SIGN_IDENTITY = "iPhone Developer";
				COPY_PHASE_STRIP = NO;
				DEBUG_INFORMATION_FORMAT = "dwarf-with-dsym";
				ENABLE_NS_ASSERTIONS = NO;
				ENABLE_STRICT_OBJC_MSGSEND = YES;
				GCC_C_LANGUAGE_STANDARD = gnu11;
				GCC_NO_COMMON_BLOCKS = YES;
				GCC_WARN_64_TO_32_BIT_CONVERSION = YES;
				GCC_WARN_ABOUT_RETURN_TYPE = YES_ERROR;
				GCC_WARN_UNDECLARED_SELECTOR = YES;
				GCC_WARN_UNINITIALIZED_AUTOS = YES_AGGRESSIVE;
				GCC_WARN_UNUSED_FUNCTION = YES;
				GCC_WARN_UNUSED_VARIABLE = YES;
				IPHONEOS_DEPLOYMENT_TARGET = 11.1;
				MTL_ENABLE_DEBUG_INFO = NO;
				SDKROOT = iphoneos;
				SWIFT_OPTIMIZATION_LEVEL = "-Owholemodule";
				VALIDATE_PRODUCT = YES;
			};
			name = Release;
		};
		1EF152C51FC2C75800BB715E /* Debug */ = {
			isa = XCBuildConfiguration;
			buildSettings = {
				ASSETCATALOG_COMPILER_APPICON_NAME = AppIcon;
				"CODE_SIGN_IDENTITY[sdk=iphoneos*]" = "iPhone Developer";
				CODE_SIGN_STYLE = Manual;
				DEVELOPMENT_TEAM = "";
				INFOPLIST_FILE = tBeta1/Info.plist;
				IPHONEOS_DEPLOYMENT_TARGET = 11.1;
				LD_RUNPATH_SEARCH_PATHS = "$(inherited) @executable_path/Frameworks";
				PRODUCT_BUNDLE_IDENTIFIER = com.aaronmiller.tBeta1;
				PRODUCT_NAME = "$(TARGET_NAME)";
				PROVISIONING_PROFILE_SPECIFIER = "";
				SWIFT_VERSION = 4.0;
				TARGETED_DEVICE_FAMILY = "1,2";
			};
			name = Debug;
		};
		1EF152C61FC2C75800BB715E /* Release */ = {
			isa = XCBuildConfiguration;
			buildSettings = {
				ASSETCATALOG_COMPILER_APPICON_NAME = AppIcon;
				"CODE_SIGN_IDENTITY[sdk=iphoneos*]" = "iPhone Developer";
				CODE_SIGN_STYLE = Manual;
				DEVELOPMENT_TEAM = "";
				INFOPLIST_FILE = tBeta1/Info.plist;
				IPHONEOS_DEPLOYMENT_TARGET = 11.1;
				LD_RUNPATH_SEARCH_PATHS = "$(inherited) @executable_path/Frameworks";
				PRODUCT_BUNDLE_IDENTIFIER = com.aaronmiller.tBeta1;
				PRODUCT_NAME = "$(TARGET_NAME)";
				PROVISIONING_PROFILE_SPECIFIER = "";
				SWIFT_VERSION = 4.0;
				TARGETED_DEVICE_FAMILY = "1,2";
			};
			name = Release;
		};
		1EF152C81FC2C75800BB715E /* Debug */ = {
			isa = XCBuildConfiguration;
			buildSettings = {
				ALWAYS_EMBED_SWIFT_STANDARD_LIBRARIES = YES;
				BUNDLE_LOADER = "$(TEST_HOST)";
				CODE_SIGN_STYLE = Automatic;
				DEVELOPMENT_TEAM = SVLLZW8WMK;
				INFOPLIST_FILE = tBeta1Tests/Info.plist;
				LD_RUNPATH_SEARCH_PATHS = "$(inherited) @executable_path/Frameworks @loader_path/Frameworks";
				PRODUCT_BUNDLE_IDENTIFIER = com.AaronMiller.tBeta1Tests;
				PRODUCT_NAME = "$(TARGET_NAME)";
				SWIFT_VERSION = 4.0;
				TARGETED_DEVICE_FAMILY = "1,2";
				TEST_HOST = "$(BUILT_PRODUCTS_DIR)/tBeta1.app/tBeta1";
			};
			name = Debug;
		};
		1EF152C91FC2C75800BB715E /* Release */ = {
			isa = XCBuildConfiguration;
			buildSettings = {
				ALWAYS_EMBED_SWIFT_STANDARD_LIBRARIES = YES;
				BUNDLE_LOADER = "$(TEST_HOST)";
				CODE_SIGN_STYLE = Automatic;
				DEVELOPMENT_TEAM = SVLLZW8WMK;
				INFOPLIST_FILE = tBeta1Tests/Info.plist;
				LD_RUNPATH_SEARCH_PATHS = "$(inherited) @executable_path/Frameworks @loader_path/Frameworks";
				PRODUCT_BUNDLE_IDENTIFIER = com.AaronMiller.tBeta1Tests;
				PRODUCT_NAME = "$(TARGET_NAME)";
				SWIFT_VERSION = 4.0;
				TARGETED_DEVICE_FAMILY = "1,2";
				TEST_HOST = "$(BUILT_PRODUCTS_DIR)/tBeta1.app/tBeta1";
			};
			name = Release;
		};
		1EF152CB1FC2C75800BB715E /* Debug */ = {
			isa = XCBuildConfiguration;
			buildSettings = {
				ALWAYS_EMBED_SWIFT_STANDARD_LIBRARIES = YES;
				CODE_SIGN_STYLE = Automatic;
				DEVELOPMENT_TEAM = SVLLZW8WMK;
				INFOPLIST_FILE = tBeta1UITests/Info.plist;
				LD_RUNPATH_SEARCH_PATHS = "$(inherited) @executable_path/Frameworks @loader_path/Frameworks";
				PRODUCT_BUNDLE_IDENTIFIER = com.AaronMiller.tBeta1UITests;
				PRODUCT_NAME = "$(TARGET_NAME)";
				SWIFT_VERSION = 4.0;
				TARGETED_DEVICE_FAMILY = "1,2";
				TEST_TARGET_NAME = tBeta1;
			};
			name = Debug;
		};
		1EF152CC1FC2C75800BB715E /* Release */ = {
			isa = XCBuildConfiguration;
			buildSettings = {
				ALWAYS_EMBED_SWIFT_STANDARD_LIBRARIES = YES;
				CODE_SIGN_STYLE = Automatic;
				DEVELOPMENT_TEAM = SVLLZW8WMK;
				INFOPLIST_FILE = tBeta1UITests/Info.plist;
				LD_RUNPATH_SEARCH_PATHS = "$(inherited) @executable_path/Frameworks @loader_path/Frameworks";
				PRODUCT_BUNDLE_IDENTIFIER = com.AaronMiller.tBeta1UITests;
				PRODUCT_NAME = "$(TARGET_NAME)";
				SWIFT_VERSION = 4.0;
				TARGETED_DEVICE_FAMILY = "1,2";
				TEST_TARGET_NAME = tBeta1;
			};
			name = Release;
		};
/* End XCBuildConfiguration section */

/* Begin XCConfigurationList section */
		1EF152941FC2C75700BB715E /* Build configuration list for PBXProject "tBeta1" */ = {
			isa = XCConfigurationList;
			buildConfigurations = (
				1EF152C21FC2C75800BB715E /* Debug */,
				1EF152C31FC2C75800BB715E /* Release */,
			);
			defaultConfigurationIsVisible = 0;
			defaultConfigurationName = Release;
		};
		1EF152C41FC2C75800BB715E /* Build configuration list for PBXNativeTarget "tBeta1" */ = {
			isa = XCConfigurationList;
			buildConfigurations = (
				1EF152C51FC2C75800BB715E /* Debug */,
				1EF152C61FC2C75800BB715E /* Release */,
			);
			defaultConfigurationIsVisible = 0;
			defaultConfigurationName = Release;
		};
		1EF152C71FC2C75800BB715E /* Build configuration list for PBXNativeTarget "tBeta1Tests" */ = {
			isa = XCConfigurationList;
			buildConfigurations = (
				1EF152C81FC2C75800BB715E /* Debug */,
				1EF152C91FC2C75800BB715E /* Release */,
			);
			defaultConfigurationIsVisible = 0;
			defaultConfigurationName = Release;
		};
		1EF152CA1FC2C75800BB715E /* Build configuration list for PBXNativeTarget "tBeta1UITests" */ = {
			isa = XCConfigurationList;
			buildConfigurations = (
				1EF152CB1FC2C75800BB715E /* Debug */,
				1EF152CC1FC2C75800BB715E /* Release */,
			);
			defaultConfigurationIsVisible = 0;
			defaultConfigurationName = Release;
		};
/* End XCConfigurationList section */

/* Begin XCVersionGroup section */
		1EF152A31FC2C75700BB715E /* tBeta1.xcdatamodeld */ = {
			isa = XCVersionGroup;
			children = (
				1EF152A41FC2C75700BB715E /* tBeta1.xcdatamodel */,
			);
			currentVersion = 1EF152A41FC2C75700BB715E /* tBeta1.xcdatamodel */;
			path = tBeta1.xcdatamodeld;
			sourceTree = "<group>";
			versionGroupType = wrapper.xcdatamodel;
		};
/* End XCVersionGroup section */
	};
	rootObject = 1EF152911FC2C75700BB715E /* Project object */;
}
